apiVersion: vendir.k14s.io/v1alpha1
directories:
- contents:
  - git:
      commitTitle: 'fix: add service account token secret for kong ingress...'
      sha: 4112fcb54fec08e95cc35eae4b1da16673f91965
      tags:
      - v0.1.5
    path: ./
  path: platform.addons.nukleros.io/ingress-component/kong/vendor
kind: LockConfig
