apiVersion: vendir.k14s.io/v1alpha1
directories:
- contents:
  - git:
      commitTitle: 'feat: Fixes #11, added secret reloader (#14)...'
      sha: ff6529c5cd510b601fd498d99751640bc36a5f58
      tags:
      - v0.1.0
    path: ./
  path: platform.addons.nukleros.io/secrets-component/reloader/vendor
kind: LockConfig
