apiVersion: vendir.k14s.io/v1alpha1
directories:
- contents:
  - git:
      commitTitle: 'Merge pull request #17 from lander2k2/nukleros-category-tag...'
      sha: 18934f8ccea3543df949e534af81c20dac56b23a
      tags:
      - v0.1.3
    path: ./
  path: platform.addons.nukleros.io/secrets-component/reloader/vendor
kind: LockConfig
