apiVersion: vendir.k14s.io/v1alpha1
directories:
- contents:
  - git:
      commitTitle: 'fix: add missing daemonset resource (#27)...'
      sha: faa211b6912a817859607665014a66ac61a56959
      tags:
      - v0.4.1
    path: .
  path: platform.addons.nukleros.io/ingress-component/nginx/vendor
kind: LockConfig
