apiVersion: vendir.k14s.io/v1alpha1
directories:
- contents:
  - git:
      commitTitle: 'Merge pull request #19 from nukleros/nginx-rbac...'
      sha: 8342a50bb1efc35677eeb3b1a25fba2a000cd8b6
      tags:
      - v0.1.4
    path: ./
  path: platform.addons.nukleros.io/ingress-component/nginx/vendor
- contents:
  - git:
      commitTitle: Release 2.3.1 (#3047)...
      sha: a8742472b9ddf27433b6b1de49d250aa9a7cb47e
      tags:
      - v2.3.1
    path: ./
  path: platform.addons.nukleros.io/ingress-component/nginx/vendor-nginx
kind: LockConfig
