apiVersion: vendir.k14s.io/v1alpha1
directories:
- contents:
  - git:
      commitTitle: 'fix: remove sensitive output from openbao init process (#29)...'
      sha: 7d68f9b78d208661686cc80b164ae4ef1f80451c
      tags:
      - v0.5.1
    path: .
  path: platform.addons.nukleros.io/secrets-component/openbao/vendor
kind: LockConfig
